
Microsoft Visual Studio Solution File, Format Version 12.00
# Visual Studio 15
VisualStudioVersion = 15.0.27703.2018
MinimumVisualStudioVersion = 10.0.40219.1
Project("{9A19103F-16F7-4668-BE54-9A1E7A4F7556}") = "TicketingSystem.VueTS", "TicketingSystem.VueTS\TicketingSystem.VueTS.csproj", "{64656F41-3D1C-43F8-9B8A-568526DCD75B}"
EndProject
Project("{9A19103F-16F7-4668-BE54-9A1E7A4F7556}") = "TicketingSystem.Data", "TicketingSystem.Data\TicketingSystem.Data.csproj", "{1CBB426D-DEE7-4138-9493-C563947A2520}"
EndProject
Project("{9A19103F-16F7-4668-BE54-9A1E7A4F7556}") = "TicketingSystem.Implementations", "TicketingSystem.Implementations\TicketingSystem.Implementations.csproj", "{43BBBED1-53DB-4A53-8864-CD3EE9BB5D56}"
EndProject
Project("{9A19103F-16F7-4668-BE54-9A1E7A4F7556}") = "TicketingSystem.Services", "TicketingSystem.Services\TicketingSystem.Services.csproj", "{BCB752E1-DB64-4567-A40A-0E44AEFE8CC3}"
EndProject
Project("{9A19103F-16F7-4668-BE54-9A1E7A4F7556}") = "TicketingSystem.Web", "TicketingSystem.Web\TicketingSystem.Web.csproj", "{5388CCD5-5822-44C0-92DB-7479BDF7FB87}"
EndProject
Global
	GlobalSection(SolutionConfigurationPlatforms) = preSolution
		Debug|Any CPU = Debug|Any CPU
		Release|Any CPU = Release|Any CPU
	EndGlobalSection
	GlobalSection(ProjectConfigurationPlatforms) = postSolution
		{64656F41-3D1C-43F8-9B8A-568526DCD75B}.Debug|Any CPU.ActiveCfg = Debug|Any CPU
		{64656F41-3D1C-43F8-9B8A-568526DCD75B}.Debug|Any CPU.Build.0 = Debug|Any CPU
		{64656F41-3D1C-43F8-9B8A-568526DCD75B}.Release|Any CPU.ActiveCfg = Release|Any CPU
		{64656F41-3D1C-43F8-9B8A-568526DCD75B}.Release|Any CPU.Build.0 = Release|Any CPU
		{1CBB426D-DEE7-4138-9493-C563947A2520}.Debug|Any CPU.ActiveCfg = Debug|Any CPU
		{1CBB426D-DEE7-4138-9493-C563947A2520}.Debug|Any CPU.Build.0 = Debug|Any CPU
		{1CBB426D-DEE7-4138-9493-C563947A2520}.Release|Any CPU.ActiveCfg = Release|Any CPU
		{1CBB426D-DEE7-4138-9493-C563947A2520}.Release|Any CPU.Build.0 = Release|Any CPU
		{43BBBED1-53DB-4A53-8864-CD3EE9BB5D56}.Debug|Any CPU.ActiveCfg = Debug|Any CPU
		{43BBBED1-53DB-4A53-8864-CD3EE9BB5D56}.Debug|Any CPU.Build.0 = Debug|Any CPU
		{43BBBED1-53DB-4A53-8864-CD3EE9BB5D56}.Release|Any CPU.ActiveCfg = Release|Any CPU
		{43BBBED1-53DB-4A53-8864-CD3EE9BB5D56}.Release|Any CPU.Build.0 = Release|Any CPU
		{BCB752E1-DB64-4567-A40A-0E44AEFE8CC3}.Debug|Any CPU.ActiveCfg = Debug|Any CPU
		{BCB752E1-DB64-4567-A40A-0E44AEFE8CC3}.Debug|Any CPU.Build.0 = Debug|Any CPU
		{BCB752E1-DB64-4567-A40A-0E44AEFE8CC3}.Release|Any CPU.ActiveCfg = Release|Any CPU
		{BCB752E1-DB64-4567-A40A-0E44AEFE8CC3}.Release|Any CPU.Build.0 = Release|Any CPU
		{5388CCD5-5822-44C0-92DB-7479BDF7FB87}.Debug|Any CPU.ActiveCfg = Debug|Any CPU
		{5388CCD5-5822-44C0-92DB-7479BDF7FB87}.Debug|Any CPU.Build.0 = Debug|Any CPU
		{5388CCD5-5822-44C0-92DB-7479BDF7FB87}.Release|Any CPU.ActiveCfg = Release|Any CPU
		{5388CCD5-5822-44C0-92DB-7479BDF7FB87}.Release|Any CPU.Build.0 = Release|Any CPU
	EndGlobalSection
	GlobalSection(SolutionProperties) = preSolution
		HideSolutionNode = FALSE
	EndGlobalSection
	GlobalSection(ExtensibilityGlobals) = postSolution
		SolutionGuid = {DD11624E-6D16-44D8-8D22-0A04569C9379}
	EndGlobalSection
EndGlobal
